// !$*UTF8*$!
{
	archiveVersion = 1;
	classes = {
	};
	objectVersion = 48;
	objects = {

/* Begin PBXBuildFile section */
		9719BADCA3B3719DAB2E9849 /* libPods-NewTranslateApp.a in Frameworks */ = {isa = PBXBuildFile; fileRef = 2160CCF72165CDFAF13658AA /* libPods-NewTranslateApp.a */; };
		99B2548F1FCAF3E40036879A /* ESAppDelegate.m in Sources */ = {isa = PBXBuildFile; fileRef = 99B2548E1FCAF3E40036879A /* ESAppDelegate.m */; };
		99B254921FCAF3E40036879A /* ESMainViewController.m in Sources */ = {isa = PBXBuildFile; fileRef = 99B254911FCAF3E40036879A /* ESMainViewController.m */; };
		99B254951FCAF3E40036879A /* Main.storyboard in Resources */ = {isa = PBXBuildFile; fileRef = 99B254931FCAF3E40036879A /* Main.storyboard */; };
		99B254981FCAF3E40036879A /* NewTranslateApp.xcdatamodeld in Sources */ = {isa = PBXBuildFile; fileRef = 99B254961FCAF3E40036879A /* NewTranslateApp.xcdatamodeld */; };
		99B2549A1FCAF3E40036879A /* Assets.xcassets in Resources */ = {isa = PBXBuildFile; fileRef = 99B254991FCAF3E40036879A /* Assets.xcassets */; };
		99B2549D1FCAF3E40036879A /* LaunchScreen.storyboard in Resources */ = {isa = PBXBuildFile; fileRef = 99B2549B1FCAF3E40036879A /* LaunchScreen.storyboard */; };
		99B254A01FCAF3E40036879A /* main.m in Sources */ = {isa = PBXBuildFile; fileRef = 99B2549F1FCAF3E40036879A /* main.m */; };
		99B254AA1FCCB5890036879A /* ESTranslationManager.m in Sources */ = {isa = PBXBuildFile; fileRef = 99B254A91FCCB5890036879A /* ESTranslationManager.m */; };
		99B254C41FCF1B110036879A /* Language.m in Sources */ = {isa = PBXBuildFile; fileRef = 99B254BE1FCF1B110036879A /* Language.m */; };
		99B254C61FCF1B110036879A /* Word.m in Sources */ = {isa = PBXBuildFile; fileRef = 99B254C21FCF1B110036879A /* Word.m */; };
		99B254C91FCF200B0036879A /* LanguagesPicker.storyboard in Resources */ = {isa = PBXBuildFile; fileRef = 99B254C81FCF200B0036879A /* LanguagesPicker.storyboard */; };
		99B254CC1FCF20270036879A /* ESLanguagesPickerViewController.m in Sources */ = {isa = PBXBuildFile; fileRef = 99B254CB1FCF20270036879A /* ESLanguagesPickerViewController.m */; };
		99B254D01FCF22550036879A /* ESRouter.m in Sources */ = {isa = PBXBuildFile; fileRef = 99B254CF1FCF22550036879A /* ESRouter.m */; };
/* End PBXBuildFile section */

/* Begin PBXFileReference section */
		1A63CB071625A5BB5CD4112A /* Pods-NewTranslateApp.release.xcconfig */ = {isa = PBXFileReference; includeInIndex = 1; lastKnownFileType = text.xcconfig; name = "Pods-NewTranslateApp.release.xcconfig"; path = "Pods/Target Support Files/Pods-NewTranslateApp/Pods-NewTranslateApp.release.xcconfig"; sourceTree = "<group>"; };
		2160CCF72165CDFAF13658AA /* libPods-NewTranslateApp.a */ = {isa = PBXFileReference; explicitFileType = archive.ar; includeInIndex = 0; path = "libPods-NewTranslateApp.a"; sourceTree = BUILT_PRODUCTS_DIR; };
		99B2548A1FCAF3E40036879A /* NewTranslateApp.app */ = {isa = PBXFileReference; explicitFileType = wrapper.application; includeInIndex = 0; path = NewTranslateApp.app; sourceTree = BUILT_PRODUCTS_DIR; };
		99B2548D1FCAF3E40036879A /* ESAppDelegate.h */ = {isa = PBXFileReference; lastKnownFileType = sourcecode.c.h; path = ESAppDelegate.h; sourceTree = "<group>"; };
		99B2548E1FCAF3E40036879A /* ESAppDelegate.m */ = {isa = PBXFileReference; lastKnownFileType = sourcecode.c.objc; path = ESAppDelegate.m; sourceTree = "<group>"; };
		99B254901FCAF3E40036879A /* ESMainViewController.h */ = {isa = PBXFileReference; lastKnownFileType = sourcecode.c.h; path = ESMainViewController.h; sourceTree = "<group>"; };
		99B254911FCAF3E40036879A /* ESMainViewController.m */ = {isa = PBXFileReference; lastKnownFileType = sourcecode.c.objc; path = ESMainViewController.m; sourceTree = "<group>"; };
		99B254941FCAF3E40036879A /* Base */ = {isa = PBXFileReference; lastKnownFileType = file.storyboard; name = Base; path = Base.lproj/Main.storyboard; sourceTree = "<group>"; };
		99B254971FCAF3E40036879A /* NewTranslateApp.xcdatamodel */ = {isa = PBXFileReference; lastKnownFileType = wrapper.xcdatamodel; path = NewTranslateApp.xcdatamodel; sourceTree = "<group>"; };
		99B254991FCAF3E40036879A /* Assets.xcassets */ = {isa = PBXFileReference; lastKnownFileType = folder.assetcatalog; path = Assets.xcassets; sourceTree = "<group>"; };
		99B2549C1FCAF3E40036879A /* Base */ = {isa = PBXFileReference; lastKnownFileType = file.storyboard; name = Base; path = Base.lproj/LaunchScreen.storyboard; sourceTree = "<group>"; };
		99B2549E1FCAF3E40036879A /* Info.plist */ = {isa = PBXFileReference; lastKnownFileType = text.plist.xml; path = Info.plist; sourceTree = "<group>"; };
		99B2549F1FCAF3E40036879A /* main.m */ = {isa = PBXFileReference; lastKnownFileType = sourcecode.c.objc; path = main.m; sourceTree = "<group>"; };
		99B254A81FCCB5890036879A /* ESTranslationManager.h */ = {isa = PBXFileReference; lastKnownFileType = sourcecode.c.h; path = ESTranslationManager.h; sourceTree = "<group>"; };
		99B254A91FCCB5890036879A /* ESTranslationManager.m */ = {isa = PBXFileReference; lastKnownFileType = sourcecode.c.objc; path = ESTranslationManager.m; sourceTree = "<group>"; };
		99B254BB1FCF1B110036879A /* Language.h */ = {isa = PBXFileReference; lastKnownFileType = sourcecode.c.h; path = Language.h; sourceTree = "<group>"; };
		99B254BE1FCF1B110036879A /* Language.m */ = {isa = PBXFileReference; lastKnownFileType = sourcecode.c.objc; path = Language.m; sourceTree = "<group>"; };
		99B254BF1FCF1B110036879A /* Word.h */ = {isa = PBXFileReference; lastKnownFileType = sourcecode.c.h; path = Word.h; sourceTree = "<group>"; };
		99B254C21FCF1B110036879A /* Word.m */ = {isa = PBXFileReference; lastKnownFileType = sourcecode.c.objc; path = Word.m; sourceTree = "<group>"; };
		99B254C81FCF200B0036879A /* LanguagesPicker.storyboard */ = {isa = PBXFileReference; lastKnownFileType = file.storyboard; path = LanguagesPicker.storyboard; sourceTree = "<group>"; };
		99B254CA1FCF20270036879A /* ESLanguagesPickerViewController.h */ = {isa = PBXFileReference; lastKnownFileType = sourcecode.c.h; path = ESLanguagesPickerViewController.h; sourceTree = "<group>"; };
		99B254CB1FCF20270036879A /* ESLanguagesPickerViewController.m */ = {isa = PBXFileReference; lastKnownFileType = sourcecode.c.objc; path = ESLanguagesPickerViewController.m; sourceTree = "<group>"; };
		99B254CE1FCF22550036879A /* ESRouter.h */ = {isa = PBXFileReference; lastKnownFileType = sourcecode.c.h; path = ESRouter.h; sourceTree = "<group>"; };
		99B254CF1FCF22550036879A /* ESRouter.m */ = {isa = PBXFileReference; lastKnownFileType = sourcecode.c.objc; path = ESRouter.m; sourceTree = "<group>"; };
		9D7832CFA383CEFCDFFE1D1C /* Pods-NewTranslateApp.debug.xcconfig */ = {isa = PBXFileReference; includeInIndex = 1; lastKnownFileType = text.xcconfig; name = "Pods-NewTranslateApp.debug.xcconfig"; path = "Pods/Target Support Files/Pods-NewTranslateApp/Pods-NewTranslateApp.debug.xcconfig"; sourceTree = "<group>"; };
/* End PBXFileReference section */

/* Begin PBXFrameworksBuildPhase section */
		99B254871FCAF3E40036879A /* Frameworks */ = {
			isa = PBXFrameworksBuildPhase;
			buildActionMask = 2147483647;
			files = (
				9719BADCA3B3719DAB2E9849 /* libPods-NewTranslateApp.a in Frameworks */,
			);
			runOnlyForDeploymentPostprocessing = 0;
		};
/* End PBXFrameworksBuildPhase section */

/* Begin PBXGroup section */
		99B254811FCAF3E30036879A = {
			isa = PBXGroup;
			children = (
				99B2548C1FCAF3E40036879A /* NewTranslateApp */,
				99B2548B1FCAF3E40036879A /* Products */,
				AF0003D5963682BED8B75EA0 /* Pods */,
				C12DE21B715431F2E92C1CC6 /* Frameworks */,
			);
			sourceTree = "<group>";
		};
		99B2548B1FCAF3E40036879A /* Products */ = {
			isa = PBXGroup;
			children = (
				99B2548A1FCAF3E40036879A /* NewTranslateApp.app */,
			);
			name = Products;
			sourceTree = "<group>";
		};
		99B2548C1FCAF3E40036879A /* NewTranslateApp */ = {
			isa = PBXGroup;
			children = (
				99B2548D1FCAF3E40036879A /* ESAppDelegate.h */,
				99B2548E1FCAF3E40036879A /* ESAppDelegate.m */,
				99B254CD1FCF222A0036879A /* Common Logic */,
				99B254C71FCF1FCC0036879A /* Languages Screen */,
				99B254A71FCAF4BE0036879A /* Main Screen */,
				99B254B71FCCB5E40036879A /* Model */,
				99B254A61FCAF4140036879A /* Supporting Files */,
			);
			path = NewTranslateApp;
			sourceTree = "<group>";
		};
		99B254A61FCAF4140036879A /* Supporting Files */ = {
			isa = PBXGroup;
			children = (
				99B254991FCAF3E40036879A /* Assets.xcassets */,
				99B2549B1FCAF3E40036879A /* LaunchScreen.storyboard */,
				99B2549E1FCAF3E40036879A /* Info.plist */,
				99B2549F1FCAF3E40036879A /* main.m */,
			);
			path = "Supporting Files";
			sourceTree = "<group>";
		};
		99B254A71FCAF4BE0036879A /* Main Screen */ = {
			isa = PBXGroup;
			children = (
				99B254901FCAF3E40036879A /* ESMainViewController.h */,
				99B254911FCAF3E40036879A /* ESMainViewController.m */,
				99B254931FCAF3E40036879A /* Main.storyboard */,
			);
			path = "Main Screen";
			sourceTree = "<group>";
		};
		99B254B71FCCB5E40036879A /* Model */ = {
			isa = PBXGroup;
			children = (
				99B254BB1FCF1B110036879A /* Language.h */,
				99B254BE1FCF1B110036879A /* Language.m */,
				99B254BF1FCF1B110036879A /* Word.h */,
				99B254C21FCF1B110036879A /* Word.m */,
				99B254961FCAF3E40036879A /* NewTranslateApp.xcdatamodeld */,
			);
			path = Model;
			sourceTree = "<group>";
		};
		99B254C71FCF1FCC0036879A /* Languages Screen */ = {
			isa = PBXGroup;
			children = (
				99B254CA1FCF20270036879A /* ESLanguagesPickerViewController.h */,
				99B254CB1FCF20270036879A /* ESLanguagesPickerViewController.m */,
				99B254C81FCF200B0036879A /* LanguagesPicker.storyboard */,
			);
			path = "Languages Screen";
			sourceTree = "<group>";
		};
		99B254CD1FCF222A0036879A /* Common Logic */ = {
			isa = PBXGroup;
			children = (
				99B254CE1FCF22550036879A /* ESRouter.h */,
				99B254CF1FCF22550036879A /* ESRouter.m */,
				99B254A81FCCB5890036879A /* ESTranslationManager.h */,
				99B254A91FCCB5890036879A /* ESTranslationManager.m */,
			);
			path = "Common Logic";
			sourceTree = "<group>";
		};
		AF0003D5963682BED8B75EA0 /* Pods */ = {
			isa = PBXGroup;
			children = (
				9D7832CFA383CEFCDFFE1D1C /* Pods-NewTranslateApp.debug.xcconfig */,
				1A63CB071625A5BB5CD4112A /* Pods-NewTranslateApp.release.xcconfig */,
			);
			name = Pods;
			sourceTree = "<group>";
		};
		C12DE21B715431F2E92C1CC6 /* Frameworks */ = {
			isa = PBXGroup;
			children = (
				2160CCF72165CDFAF13658AA /* libPods-NewTranslateApp.a */,
			);
			name = Frameworks;
			sourceTree = "<group>";
		};
/* End PBXGroup section */

/* Begin PBXNativeTarget section */
		99B254891FCAF3E40036879A /* NewTranslateApp */ = {
			isa = PBXNativeTarget;
			buildConfigurationList = 99B254A31FCAF3E40036879A /* Build configuration list for PBXNativeTarget "NewTranslateApp" */;
			buildPhases = (
				94C8869268D8FAD15F34DD9C /* [CP] Check Pods Manifest.lock */,
				99B254861FCAF3E40036879A /* Sources */,
				99B254871FCAF3E40036879A /* Frameworks */,
				99B254881FCAF3E40036879A /* Resources */,
			);
			buildRules = (
			);
			dependencies = (
			);
			name = NewTranslateApp;
			productName = NewTranslateApp;
			productReference = 99B2548A1FCAF3E40036879A /* NewTranslateApp.app */;
			productType = "com.apple.product-type.application";
		};
/* End PBXNativeTarget section */

/* Begin PBXProject section */
		99B254821FCAF3E30036879A /* Project object */ = {
			isa = PBXProject;
			attributes = {
				CLASSPREFIX = ES;
				LastUpgradeCheck = 1010;
				ORGANIZATIONNAME = "Ekaterina Systerova";
				TargetAttributes = {
					99B254891FCAF3E40036879A = {
						CreatedOnToolsVersion = 9.1;
						ProvisioningStyle = Automatic;
					};
				};
			};
			buildConfigurationList = 99B254851FCAF3E30036879A /* Build configuration list for PBXProject "NewTranslateApp" */;
			compatibilityVersion = "Xcode 8.0";
			developmentRegion = en;
			hasScannedForEncodings = 0;
			knownRegions = (
				en,
				Base,
			);
			mainGroup = 99B254811FCAF3E30036879A;
			productRefGroup = 99B2548B1FCAF3E40036879A /* Products */;
			projectDirPath = "";
			projectRoot = "";
			targets = (
				99B254891FCAF3E40036879A /* NewTranslateApp */,
			);
		};
/* End PBXProject section */

/* Begin PBXResourcesBuildPhase section */
		99B254881FCAF3E40036879A /* Resources */ = {
			isa = PBXResourcesBuildPhase;
			buildActionMask = 2147483647;
			files = (
				99B2549D1FCAF3E40036879A /* LaunchScreen.storyboard in Resources */,
				99B2549A1FCAF3E40036879A /* Assets.xcassets in Resources */,
				99B254C91FCF200B0036879A /* LanguagesPicker.storyboard in Resources */,
				99B254951FCAF3E40036879A /* Main.storyboard in Resources */,
			);
			runOnlyForDeploymentPostprocessing = 0;
		};
/* End PBXResourcesBuildPhase section */

/* Begin PBXShellScriptBuildPhase section */
		94C8869268D8FAD15F34DD9C /* [CP] Check Pods Manifest.lock */ = {
			isa = PBXShellScriptBuildPhase;
			buildActionMask = 2147483647;
			files = (
			);
			inputPaths = (
				"${PODS_PODFILE_DIR_PATH}/Podfile.lock",
				"${PODS_ROOT}/Manifest.lock",
			);
			name = "[CP] Check Pods Manifest.lock";
			outputPaths = (
				"$(DERIVED_FILE_DIR)/Pods-NewTranslateApp-checkManifestLockResult.txt",
			);
			runOnlyForDeploymentPostprocessing = 0;
			shellPath = /bin/sh;
			shellScript = "diff \"${PODS_PODFILE_DIR_PATH}/Podfile.lock\" \"${PODS_ROOT}/Manifest.lock\" > /dev/null\nif [ $? != 0 ] ; then\n    # print error to STDERR\n    echo \"error: The sandbox is not in sync with the Podfile.lock. Run 'pod install' or update your CocoaPods installation.\" >&2\n    exit 1\nfi\n# This output is used by Xcode 'outputs' to avoid re-running this script phase.\necho \"SUCCESS\" > \"${SCRIPT_OUTPUT_FILE_0}\"\n";
			showEnvVarsInLog = 0;
		};
/* End PBXShellScriptBuildPhase section */

/* Begin PBXSourcesBuildPhase section */
		99B254861FCAF3E40036879A /* Sources */ = {
			isa = PBXSourcesBuildPhase;
			buildActionMask = 2147483647;
			files = (
				99B254981FCAF3E40036879A /* NewTranslateApp.xcdatamodeld in Sources */,
				99B254AA1FCCB5890036879A /* ESTranslationManager.m in Sources */,
				99B254D01FCF22550036879A /* ESRouter.m in Sources */,
				99B254921FCAF3E40036879A /* ESMainViewController.m in Sources */,
				99B254A01FCAF3E40036879A /* main.m in Sources */,
				99B254C61FCF1B110036879A /* Word.m in Sources */,
				99B2548F1FCAF3E40036879A /* ESAppDelegate.m in Sources */,
				99B254CC1FCF20270036879A /* ESLanguagesPickerViewController.m in Sources */,
				99B254C41FCF1B110036879A /* Language.m in Sources */,
			);
			runOnlyForDeploymentPostprocessing = 0;
		};
/* End PBXSourcesBuildPhase section */

/* Begin PBXVariantGroup section */
		99B254931FCAF3E40036879A /* Main.storyboard */ = {
			isa = PBXVariantGroup;
			children = (
				99B254941FCAF3E40036879A /* Base */,
			);
			name = Main.storyboard;
			sourceTree = "<group>";
		};
		99B2549B1FCAF3E40036879A /* LaunchScreen.storyboard */ = {
			isa = PBXVariantGroup;
			children = (
				99B2549C1FCAF3E40036879A /* Base */,
			);
			name = LaunchScreen.storyboard;
			sourceTree = "<group>";
		};
/* End PBXVariantGroup section */

/* Begin XCBuildConfiguration section */
		99B254A11FCAF3E40036879A /* Debug */ = {
			isa = XCBuildConfiguration;
			buildSettings = {
				ALWAYS_SEARCH_USER_PATHS = NO;
				CLANG_ANALYZER_NONNULL = YES;
				CLANG_ANALYZER_NUMBER_OBJECT_CONVERSION = YES_AGGRESSIVE;
				CLANG_CXX_LANGUAGE_STANDARD = "gnu++14";
				CLANG_CXX_LIBRARY = "libc++";
				CLANG_ENABLE_MODULES = YES;
				CLANG_ENABLE_OBJC_ARC = YES;
				CLANG_WARN_BLOCK_CAPTURE_AUTORELEASING = YES;
				CLANG_WARN_BOOL_CONVERSION = YES;
				CLANG_WARN_COMMA = YES;
				CLANG_WARN_CONSTANT_CONVERSION = YES;
				CLANG_WARN_DEPRECATED_OBJC_IMPLEMENTATIONS = YES;
				CLANG_WARN_DIRECT_OBJC_ISA_USAGE = YES_ERROR;
				CLANG_WARN_DOCUMENTATION_COMMENTS = YES;
				CLANG_WARN_EMPTY_BODY = YES;
				CLANG_WARN_ENUM_CONVERSION = YES;
				CLANG_WARN_INFINITE_RECURSION = YES;
				CLANG_WARN_INT_CONVERSION = YES;
				CLANG_WARN_NON_LITERAL_NULL_CONVERSION = YES;
				CLANG_WARN_OBJC_IMPLICIT_RETAIN_SELF = YES;
				CLANG_WARN_OBJC_LITERAL_CONVERSION = YES;
				CLANG_WARN_OBJC_ROOT_CLASS = YES_ERROR;
				CLANG_WARN_RANGE_LOOP_ANALYSIS = YES;
				CLANG_WARN_STRICT_PROTOTYPES = YES;
				CLANG_WARN_SUSPICIOUS_MOVE = YES;
				CLANG_WARN_UNGUARDED_AVAILABILITY = YES_AGGRESSIVE;
				CLANG_WARN_UNREACHABLE_CODE = YES;
				CLANG_WARN__DUPLICATE_METHOD_MATCH = YES;
				CODE_SIGN_IDENTITY = "iPhone Developer";
				COPY_PHASE_STRIP = NO;
				DEBUG_INFORMATION_FORMAT = dwarf;
				ENABLE_STRICT_OBJC_MSGSEND = YES;
				ENABLE_TESTABILITY = YES;
				GCC_C_LANGUAGE_STANDARD = gnu11;
				GCC_DYNAMIC_NO_PIC = NO;
				GCC_NO_COMMON_BLOCKS = YES;
				GCC_OPTIMIZATION_LEVEL = 0;
				GCC_PREPROCESSOR_DEFINITIONS = (
					"DEBUG=1",
					"$(inherited)",
				);
				GCC_WARN_64_TO_32_BIT_CONVERSION = YES;
				GCC_WARN_ABOUT_RETURN_TYPE = YES_ERROR;
				GCC_WARN_UNDECLARED_SELECTOR = YES;
				GCC_WARN_UNINITIALIZED_AUTOS = YES_AGGRESSIVE;
				GCC_WARN_UNUSED_FUNCTION = YES;
				GCC_WARN_UNUSED_VARIABLE = YES;
				IPHONEOS_DEPLOYMENT_TARGET = 11.1;
				MTL_ENABLE_DEBUG_INFO = YES;
				ONLY_ACTIVE_ARCH = YES;
				SDKROOT = iphoneos;
			};
			name = Debug;
		};
		99B254A21FCAF3E40036879A /* Release */ = {
			isa = XCBuildConfiguration;
			buildSettings = {
				ALWAYS_SEARCH_USER_PATHS = NO;
				CLANG_ANALYZER_NONNULL = YES;
				CLANG_ANALYZER_NUMBER_OBJECT_CONVERSION = YES_AGGRESSIVE;
				CLANG_CXX_LANGUAGE_STANDARD = "gnu++14";
				CLANG_CXX_LIBRARY = "libc++";
				CLANG_ENABLE_MODULES = YES;
				CLANG_ENABLE_OBJC_ARC = YES;
				CLANG_WARN_BLOCK_CAPTURE_AUTORELEASING = YES;
				CLANG_WARN_BOOL_CONVERSION = YES;
				CLANG_WARN_COMMA = YES;
				CLANG_WARN_CONSTANT_CONVERSION = YES;
				CLANG_WARN_DEPRECATED_OBJC_IMPLEMENTATIONS = YES;
				CLANG_WARN_DIRECT_OBJC_ISA_USAGE = YES_ERROR;
				CLANG_WARN_DOCUMENTATION_COMMENTS = YES;
				CLANG_WARN_EMPTY_BODY = YES;
				CLANG_WARN_ENUM_CONVERSION = YES;
				CLANG_WARN_INFINITE_RECURSION = YES;
				CLANG_WARN_INT_CONVERSION = YES;
				CLANG_WARN_NON_LITERAL_NULL_CONVERSION = YES;
				CLANG_WARN_OBJC_IMPLICIT_RETAIN_SELF = YES;
				CLANG_WARN_OBJC_LITERAL_CONVERSION = YES;
				CLANG_WARN_OBJC_ROOT_CLASS = YES_ERROR;
				CLANG_WARN_RANGE_LOOP_ANALYSIS = YES;
				CLANG_WARN_STRICT_PROTOTYPES = YES;
				CLANG_WARN_SUSPICIOUS_MOVE = YES;
				CLANG_WARN_UNGUARDED_AVAILABILITY = YES_AGGRESSIVE;
				CLANG_WARN_UNREACHABLE_CODE = YES;
				CLANG_WARN__DUPLICATE_METHOD_MATCH = YES;
				CODE_SIGN_IDENTITY = "iPhone Developer";
				COPY_PHASE_STRIP = NO;
				DEBUG_INFORMATION_FORMAT = "dwarf-with-dsym";
				ENABLE_NS_ASSERTIONS = NO;
				ENABLE_STRICT_OBJC_MSGSEND = YES;
				GCC_C_LANGUAGE_STANDARD = gnu11;
				GCC_NO_COMMON_BLOCKS = YES;
				GCC_WARN_64_TO_32_BIT_CONVERSION = YES;
				GCC_WARN_ABOUT_RETURN_TYPE = YES_ERROR;
				GCC_WARN_UNDECLARED_SELECTOR = YES;
				GCC_WARN_UNINITIALIZED_AUTOS = YES_AGGRESSIVE;
				GCC_WARN_UNUSED_FUNCTION = YES;
				GCC_WARN_UNUSED_VARIABLE = YES;
				IPHONEOS_DEPLOYMENT_TARGET = 11.1;
				MTL_ENABLE_DEBUG_INFO = NO;
				SDKROOT = iphoneos;
				VALIDATE_PRODUCT = YES;
			};
			name = Release;
		};
		99B254A41FCAF3E40036879A /* Debug */ = {
			isa = XCBuildConfiguration;
			baseConfigurationReference = 9D7832CFA383CEFCDFFE1D1C /* Pods-NewTranslateApp.debug.xcconfig */;
			buildSettings = {
				ASSETCATALOG_COMPILER_APPICON_NAME = AppIcon;
				CODE_SIGN_STYLE = Automatic;
				DEVELOPMENT_TEAM = YR7WQNW4BE;
				INFOPLIST_FILE = "$(SRCROOT)/NewTranslateApp/Supporting Files/Info.plist";
				IPHONEOS_DEPLOYMENT_TARGET = 11.0;
				LD_RUNPATH_SEARCH_PATHS = "$(inherited) @executable_path/Frameworks";
				PRODUCT_BUNDLE_IDENTIFIER = com.katesysterova.NewTranslateApp;
				PRODUCT_NAME = "$(TARGET_NAME)";
				TARGETED_DEVICE_FAMILY = "1,2";
			};
			name = Debug;
		};
		99B254A51FCAF3E40036879A /* Release */ = {
			isa = XCBuildConfiguration;
			baseConfigurationReference = 1A63CB071625A5BB5CD4112A /* Pods-NewTranslateApp.release.xcconfig */;
			buildSettings = {
				ASSETCATALOG_COMPILER_APPICON_NAME = AppIcon;
				CODE_SIGN_STYLE = Automatic;
				DEVELOPMENT_TEAM = YR7WQNW4BE;
				INFOPLIST_FILE = "$(SRCROOT)/NewTranslateApp/Supporting Files/Info.plist";
				IPHONEOS_DEPLOYMENT_TARGET = 11.0;
				LD_RUNPATH_SEARCH_PATHS = "$(inherited) @executable_path/Frameworks";
				PRODUCT_BUNDLE_IDENTIFIER = com.katesysterova.NewTranslateApp;
				PRODUCT_NAME = "$(TARGET_NAME)";
				TARGETED_DEVICE_FAMILY = "1,2";
			};
			name = Release;
		};
/* End XCBuildConfiguration section */

/* Begin XCConfigurationList section */
		99B254851FCAF3E30036879A /* Build configuration list for PBXProject "NewTranslateApp" */ = {
			isa = XCConfigurationList;
			buildConfigurations = (
				99B254A11FCAF3E40036879A /* Debug */,
				99B254A21FCAF3E40036879A /* Release */,
			);
			defaultConfigurationIsVisible = 0;
			defaultConfigurationName = Release;
		};
		99B254A31FCAF3E40036879A /* Build configuration list for PBXNativeTarget "NewTranslateApp" */ = {
			isa = XCConfigurationList;
			buildConfigurations = (
				99B254A41FCAF3E40036879A /* Debug */,
				99B254A51FCAF3E40036879A /* Release */,
			);
			defaultConfigurationIsVisible = 0;
			defaultConfigurationName = Release;
		};
/* End XCConfigurationList section */

/* Begin XCVersionGroup section */
		99B254961FCAF3E40036879A /* NewTranslateApp.xcdatamodeld */ = {
			isa = XCVersionGroup;
			children = (
				99B254971FCAF3E40036879A /* NewTranslateApp.xcdatamodel */,
			);
			currentVersion = 99B254971FCAF3E40036879A /* NewTranslateApp.xcdatamodel */;
			path = NewTranslateApp.xcdatamodeld;
			sourceTree = "<group>";
			versionGroupType = wrapper.xcdatamodel;
		};
/* End XCVersionGroup section */
	};
	rootObject = 99B254821FCAF3E30036879A /* Project object */;
}
